// !$*UTF8*$!
{
	archiveVersion = 1;
	classes = {
	};
	objectVersion = 55;
	objects = {

/* Begin PBXBuildFile section */
		D909752127A01868003BFADB /* SplashView.swift in Sources */ = {isa = PBXBuildFile; fileRef = D909752027A01868003BFADB /* SplashView.swift */; };
		D9F6F9B2279C748A008587D0 /* IntroSApp.swift in Sources */ = {isa = PBXBuildFile; fileRef = D9F6F9B1279C748A008587D0 /* IntroSApp.swift */; };
		D9F6F9B4279C748A008587D0 /* ContentView.swift in Sources */ = {isa = PBXBuildFile; fileRef = D9F6F9B3279C748A008587D0 /* ContentView.swift */; };
		D9F6F9B6279C748B008587D0 /* Assets.xcassets in Resources */ = {isa = PBXBuildFile; fileRef = D9F6F9B5279C748B008587D0 /* Assets.xcassets */; };
		D9F6F9B9279C748B008587D0 /* Preview Assets.xcassets in Resources */ = {isa = PBXBuildFile; fileRef = D9F6F9B8279C748B008587D0 /* Preview Assets.xcassets */; };
		D9F6F9C0279C74C9008587D0 /* firstIntro.swift in Sources */ = {isa = PBXBuildFile; fileRef = D9F6F9BF279C74C9008587D0 /* firstIntro.swift */; };
		D9F6F9C2279C74D6008587D0 /* secondIntro.swift in Sources */ = {isa = PBXBuildFile; fileRef = D9F6F9C1279C74D6008587D0 /* secondIntro.swift */; };
		D9F6F9C4279C74E5008587D0 /* thirdIntro.swift in Sources */ = {isa = PBXBuildFile; fileRef = D9F6F9C3279C74E5008587D0 /* thirdIntro.swift */; };
		D9F6F9E0279C8870008587D0 /* home.swift in Sources */ = {isa = PBXBuildFile; fileRef = D9F6F9DF279C8870008587D0 /* home.swift */; };
		D9F6FA16279DA147008587D0 /* TestingSwiftUIView.swift in Sources */ = {isa = PBXBuildFile; fileRef = D9F6FA15279DA147008587D0 /* TestingSwiftUIView.swift */; };
/* End PBXBuildFile section */

/* Begin PBXFileReference section */
		D909752027A01868003BFADB /* SplashView.swift */ = {isa = PBXFileReference; lastKnownFileType = sourcecode.swift; path = SplashView.swift; sourceTree = "<group>"; };
		D9F6F9AE279C748A008587D0 /* IntroS.app */ = {isa = PBXFileReference; explicitFileType = wrapper.application; includeInIndex = 0; path = IntroS.app; sourceTree = BUILT_PRODUCTS_DIR; };
		D9F6F9B1279C748A008587D0 /* IntroSApp.swift */ = {isa = PBXFileReference; lastKnownFileType = sourcecode.swift; path = IntroSApp.swift; sourceTree = "<group>"; };
		D9F6F9B3279C748A008587D0 /* ContentView.swift */ = {isa = PBXFileReference; lastKnownFileType = sourcecode.swift; path = ContentView.swift; sourceTree = "<group>"; };
		D9F6F9B5279C748B008587D0 /* Assets.xcassets */ = {isa = PBXFileReference; lastKnownFileType = folder.assetcatalog; path = Assets.xcassets; sourceTree = "<group>"; };
		D9F6F9B8279C748B008587D0 /* Preview Assets.xcassets */ = {isa = PBXFileReference; lastKnownFileType = folder.assetcatalog; path = "Preview Assets.xcassets"; sourceTree = "<group>"; };
		D9F6F9BF279C74C9008587D0 /* firstIntro.swift */ = {isa = PBXFileReference; lastKnownFileType = sourcecode.swift; path = firstIntro.swift; sourceTree = "<group>"; };
		D9F6F9C1279C74D6008587D0 /* secondIntro.swift */ = {isa = PBXFileReference; lastKnownFileType = sourcecode.swift; path = secondIntro.swift; sourceTree = "<group>"; };
		D9F6F9C3279C74E5008587D0 /* thirdIntro.swift */ = {isa = PBXFileReference; lastKnownFileType = sourcecode.swift; path = thirdIntro.swift; sourceTree = "<group>"; };
		D9F6F9DF279C8870008587D0 /* home.swift */ = {isa = PBXFileReference; lastKnownFileType = sourcecode.swift; path = home.swift; sourceTree = "<group>"; };
		D9F6FA15279DA147008587D0 /* TestingSwiftUIView.swift */ = {isa = PBXFileReference; lastKnownFileType = sourcecode.swift; path = TestingSwiftUIView.swift; sourceTree = "<group>"; };
/* End PBXFileReference section */

/* Begin PBXFrameworksBuildPhase section */
		D9F6F9AB279C748A008587D0 /* Frameworks */ = {
			isa = PBXFrameworksBuildPhase;
			buildActionMask = 2147483647;
			files = (
			);
			runOnlyForDeploymentPostprocessing = 0;
		};
/* End PBXFrameworksBuildPhase section */

/* Begin PBXGroup section */
		D9F6F9A5279C748A008587D0 = {
			isa = PBXGroup;
			children = (
				D9F6F9B0279C748A008587D0 /* IntroS */,
				D9F6F9AF279C748A008587D0 /* Products */,
			);
			sourceTree = "<group>";
		};
		D9F6F9AF279C748A008587D0 /* Products */ = {
			isa = PBXGroup;
			children = (
				D9F6F9AE279C748A008587D0 /* IntroS.app */,
			);
			name = Products;
			sourceTree = "<group>";
		};
		D9F6F9B0279C748A008587D0 /* IntroS */ = {
			isa = PBXGroup;
			children = (
				D9F6F9B1279C748A008587D0 /* IntroSApp.swift */,
				D9F6F9B3279C748A008587D0 /* ContentView.swift */,
				D909752027A01868003BFADB /* SplashView.swift */,
				D9F6F9BF279C74C9008587D0 /* firstIntro.swift */,
				D9F6F9C1279C74D6008587D0 /* secondIntro.swift */,
				D9F6F9C3279C74E5008587D0 /* thirdIntro.swift */,
				D9F6F9DF279C8870008587D0 /* home.swift */,
				D9F6F9B5279C748B008587D0 /* Assets.xcassets */,
				D9F6F9B7279C748B008587D0 /* Preview Content */,
				D9F6FA15279DA147008587D0 /* TestingSwiftUIView.swift */,
			);
			path = IntroS;
			sourceTree = "<group>";
		};
		D9F6F9B7279C748B008587D0 /* Preview Content */ = {
			isa = PBXGroup;
			children = (
				D9F6F9B8279C748B008587D0 /* Preview Assets.xcassets */,
			);
			path = "Preview Content";
			sourceTree = "<group>";
		};
/* End PBXGroup section */

/* Begin PBXNativeTarget section */
		D9F6F9AD279C748A008587D0 /* IntroS */ = {
			isa = PBXNativeTarget;
			buildConfigurationList = D9F6F9BC279C748B008587D0 /* Build configuration list for PBXNativeTarget "IntroS" */;
			buildPhases = (
				D9F6F9AA279C748A008587D0 /* Sources */,
				D9F6F9AB279C748A008587D0 /* Frameworks */,
				D9F6F9AC279C748A008587D0 /* Resources */,
			);
			buildRules = (
			);
			dependencies = (
			);
			name = IntroS;
			productName = IntroS;
			productReference = D9F6F9AE279C748A008587D0 /* IntroS.app */;
			productType = "com.apple.product-type.application";
		};
/* End PBXNativeTarget section */

/* Begin PBXProject section */
		D9F6F9A6279C748A008587D0 /* Project object */ = {
			isa = PBXProject;
			attributes = {
				BuildIndependentTargetsInParallel = 1;
				LastSwiftUpdateCheck = 1320;
				LastUpgradeCheck = 1320;
				TargetAttributes = {
					D9F6F9AD279C748A008587D0 = {
						CreatedOnToolsVersion = 13.2.1;
					};
				};
			};
			buildConfigurationList = D9F6F9A9279C748A008587D0 /* Build configuration list for PBXProject "IntroS" */;
			compatibilityVersion = "Xcode 13.0";
			developmentRegion = en;
			hasScannedForEncodings = 0;
			knownRegions = (
				en,
				Base,
			);
			mainGroup = D9F6F9A5279C748A008587D0;
			productRefGroup = D9F6F9AF279C748A008587D0 /* Products */;
			projectDirPath = "";
			projectRoot = "";
			targets = (
				D9F6F9AD279C748A008587D0 /* IntroS */,
			);
		};
/* End PBXProject section */

/* Begin PBXResourcesBuildPhase section */
		D9F6F9AC279C748A008587D0 /* Resources */ = {
			isa = PBXResourcesBuildPhase;
			buildActionMask = 2147483647;
			files = (
				D9F6F9B9279C748B008587D0 /* Preview Assets.xcassets in Resources */,
				D9F6F9B6279C748B008587D0 /* Assets.xcassets in Resources */,
			);
			runOnlyForDeploymentPostprocessing = 0;
		};
/* End PBXResourcesBuildPhase section */

/* Begin PBXSourcesBuildPhase section */
		D9F6F9AA279C748A008587D0 /* Sources */ = {
			isa = PBXSourcesBuildPhase;
			buildActionMask = 2147483647;
			files = (
				D9F6F9E0279C8870008587D0 /* home.swift in Sources */,
				D909752127A01868003BFADB /* SplashView.swift in Sources */,
				D9F6F9C2279C74D6008587D0 /* secondIntro.swift in Sources */,
				D9F6F9B4279C748A008587D0 /* ContentView.swift in Sources */,
				D9F6FA16279DA147008587D0 /* TestingSwiftUIView.swift in Sources */,
				D9F6F9B2279C748A008587D0 /* IntroSApp.swift in Sources */,
				D9F6F9C4279C74E5008587D0 /* thirdIntro.swift in Sources */,
				D9F6F9C0279C74C9008587D0 /* firstIntro.swift in Sources */,
			);
			runOnlyForDeploymentPostprocessing = 0;
		};
/* End PBXSourcesBuildPhase section */

/* Begin XCBuildConfiguration section */
		D9F6F9BA279C748B008587D0 /* Debug */ = {
			isa = XCBuildConfiguration;
			buildSettings = {
				ALWAYS_SEARCH_USER_PATHS = NO;
				CLANG_ANALYZER_NONNULL = YES;
				CLANG_ANALYZER_NUMBER_OBJECT_CONVERSION = YES_AGGRESSIVE;
				CLANG_CXX_LANGUAGE_STANDARD = "gnu++17";
				CLANG_CXX_LIBRARY = "libc++";
				CLANG_ENABLE_MODULES = YES;
				CLANG_ENABLE_OBJC_ARC = YES;
				CLANG_ENABLE_OBJC_WEAK = YES;
				CLANG_WARN_BLOCK_CAPTURE_AUTORELEASING = YES;
				CLANG_WARN_BOOL_CONVERSION = YES;
				CLANG_WARN_COMMA = YES;
				CLANG_WARN_CONSTANT_CONVERSION = YES;
				CLANG_WARN_DEPRECATED_OBJC_IMPLEMENTATIONS = YES;
				CLANG_WARN_DIRECT_OBJC_ISA_USAGE = YES_ERROR;
				CLANG_WARN_DOCUMENTATION_COMMENTS = YES;
				CLANG_WARN_EMPTY_BODY = YES;
				CLANG_WARN_ENUM_CONVERSION = YES;
				CLANG_WARN_INFINITE_RECURSION = YES;
				CLANG_WARN_INT_CONVERSION = YES;
				CLANG_WARN_NON_LITERAL_NULL_CONVERSION = YES;
				CLANG_WARN_OBJC_IMPLICIT_RETAIN_SELF = YES;
				CLANG_WARN_OBJC_LITERAL_CONVERSION = YES;
				CLANG_WARN_OBJC_ROOT_CLASS = YES_ERROR;
				CLANG_WARN_QUOTED_INCLUDE_IN_FRAMEWORK_HEADER = YES;
				CLANG_WARN_RANGE_LOOP_ANALYSIS = YES;
				CLANG_WARN_STRICT_PROTOTYPES = YES;
				CLANG_WARN_SUSPICIOUS_MOVE = YES;
				CLANG_WARN_UNGUARDED_AVAILABILITY = YES_AGGRESSIVE;
				CLANG_WARN_UNREACHABLE_CODE = YES;
				CLANG_WARN__DUPLICATE_METHOD_MATCH = YES;
				COPY_PHASE_STRIP = NO;
				DEBUG_INFORMATION_FORMAT = dwarf;
				ENABLE_STRICT_OBJC_MSGSEND = YES;
				ENABLE_TESTABILITY = YES;
				GCC_C_LANGUAGE_STANDARD = gnu11;
				GCC_DYNAMIC_NO_PIC = NO;
				GCC_NO_COMMON_BLOCKS = YES;
				GCC_OPTIMIZATION_LEVEL = 0;
				GCC_PREPROCESSOR_DEFINITIONS = (
					"DEBUG=1",
					"$(inherited)",
				);
				GCC_WARN_64_TO_32_BIT_CONVERSION = YES;
				GCC_WARN_ABOUT_RETURN_TYPE = YES_ERROR;
				GCC_WARN_UNDECLARED_SELECTOR = YES;
				GCC_WARN_UNINITIALIZED_AUTOS = YES_AGGRESSIVE;
				GCC_WARN_UNUSED_FUNCTION = YES;
				GCC_WARN_UNUSED_VARIABLE = YES;
				IPHONEOS_DEPLOYMENT_TARGET = 15.2;
				MTL_ENABLE_DEBUG_INFO = INCLUDE_SOURCE;
				MTL_FAST_MATH = YES;
				ONLY_ACTIVE_ARCH = YES;
				SDKROOT = iphoneos;
				SWIFT_ACTIVE_COMPILATION_CONDITIONS = DEBUG;
				SWIFT_OPTIMIZATION_LEVEL = "-Onone";
			};
			name = Debug;
		};
		D9F6F9BB279C748B008587D0 /* Release */ = {
			isa = XCBuildConfiguration;
			buildSettings = {
				ALWAYS_SEARCH_USER_PATHS = NO;
				CLANG_ANALYZER_NONNULL = YES;
				CLANG_ANALYZER_NUMBER_OBJECT_CONVERSION = YES_AGGRESSIVE;
				CLANG_CXX_LANGUAGE_STANDARD = "gnu++17";
				CLANG_CXX_LIBRARY = "libc++";
				CLANG_ENABLE_MODULES = YES;
				CLANG_ENABLE_OBJC_ARC = YES;
				CLANG_ENABLE_OBJC_WEAK = YES;
				CLANG_WARN_BLOCK_CAPTURE_AUTORELEASING = YES;
				CLANG_WARN_BOOL_CONVERSION = YES;
				CLANG_WARN_COMMA = YES;
				CLANG_WARN_CONSTANT_CONVERSION = YES;
				CLANG_WARN_DEPRECATED_OBJC_IMPLEMENTATIONS = YES;
				CLANG_WARN_DIRECT_OBJC_ISA_USAGE = YES_ERROR;
				CLANG_WARN_DOCUMENTATION_COMMENTS = YES;
				CLANG_WARN_EMPTY_BODY = YES;
				CLANG_WARN_ENUM_CONVERSION = YES;
				CLANG_WARN_INFINITE_RECURSION = YES;
				CLANG_WARN_INT_CONVERSION = YES;
				CLANG_WARN_NON_LITERAL_NULL_CONVERSION = YES;
				CLANG_WARN_OBJC_IMPLICIT_RETAIN_SELF = YES;
				CLANG_WARN_OBJC_LITERAL_CONVERSION = YES;
				CLANG_WARN_OBJC_ROOT_CLASS = YES_ERROR;
				CLANG_WARN_QUOTED_INCLUDE_IN_FRAMEWORK_HEADER = YES;
				CLANG_WARN_RANGE_LOOP_ANALYSIS = YES;
				CLANG_WARN_STRICT_PROTOTYPES = YES;
				CLANG_WARN_SUSPICIOUS_MOVE = YES;
				CLANG_WARN_UNGUARDED_AVAILABILITY = YES_AGGRESSIVE;
				CLANG_WARN_UNREACHABLE_CODE = YES;
				CLANG_WARN__DUPLICATE_METHOD_MATCH = YES;
				COPY_PHASE_STRIP = NO;
				DEBUG_INFORMATION_FORMAT = "dwarf-with-dsym";
				ENABLE_NS_ASSERTIONS = NO;
				ENABLE_STRICT_OBJC_MSGSEND = YES;
				GCC_C_LANGUAGE_STANDARD = gnu11;
				GCC_NO_COMMON_BLOCKS = YES;
				GCC_WARN_64_TO_32_BIT_CONVERSION = YES;
				GCC_WARN_ABOUT_RETURN_TYPE = YES_ERROR;
				GCC_WARN_UNDECLARED_SELECTOR = YES;
				GCC_WARN_UNINITIALIZED_AUTOS = YES_AGGRESSIVE;
				GCC_WARN_UNUSED_FUNCTION = YES;
				GCC_WARN_UNUSED_VARIABLE = YES;
				IPHONEOS_DEPLOYMENT_TARGET = 15.2;
				MTL_ENABLE_DEBUG_INFO = NO;
				MTL_FAST_MATH = YES;
				SDKROOT = iphoneos;
				SWIFT_COMPILATION_MODE = wholemodule;
				SWIFT_OPTIMIZATION_LEVEL = "-O";
				VALIDATE_PRODUCT = YES;
			};
			name = Release;
		};
		D9F6F9BD279C748B008587D0 /* Debug */ = {
			isa = XCBuildConfiguration;
			buildSettings = {
				ASSETCATALOG_COMPILER_APPICON_NAME = AppIcon;
				ASSETCATALOG_COMPILER_GLOBAL_ACCENT_COLOR_NAME = AccentColor;
				CODE_SIGN_STYLE = Automatic;
				CURRENT_PROJECT_VERSION = 1;
				DEVELOPMENT_ASSET_PATHS = "\"IntroS/Preview Content\"";
				ENABLE_PREVIEWS = YES;
				GENERATE_INFOPLIST_FILE = YES;
				INFOPLIST_KEY_UIApplicationSceneManifest_Generation = YES;
				INFOPLIST_KEY_UIApplicationSupportsIndirectInputEvents = YES;
				INFOPLIST_KEY_UILaunchScreen_Generation = YES;
				INFOPLIST_KEY_UISupportedInterfaceOrientations_iPad = "UIInterfaceOrientationPortrait UIInterfaceOrientationPortraitUpsideDown UIInterfaceOrientationLandscapeLeft UIInterfaceOrientationLandscapeRight";
				INFOPLIST_KEY_UISupportedInterfaceOrientations_iPhone = "UIInterfaceOrientationPortrait UIInterfaceOrientationLandscapeLeft UIInterfaceOrientationLandscapeRight";
				LD_RUNPATH_SEARCH_PATHS = (
					"$(inherited)",
					"@executable_path/Frameworks",
				);
				MARKETING_VERSION = 1.0;
				PRODUCT_BUNDLE_IDENTIFIER = com.ranin.IntroS;
				PRODUCT_NAME = "$(TARGET_NAME)";
				SWIFT_EMIT_LOC_STRINGS = YES;
				SWIFT_VERSION = 5.0;
				TARGETED_DEVICE_FAMILY = "1,2";
			};
			name = Debug;
		};
		D9F6F9BE279C748B008587D0 /* Release */ = {
			isa = XCBuildConfiguration;
			buildSettings = {
				ASSETCATALOG_COMPILER_APPICON_NAME = AppIcon;
				ASSETCATALOG_COMPILER_GLOBAL_ACCENT_COLOR_NAME = AccentColor;
				CODE_SIGN_STYLE = Automatic;
				CURRENT_PROJECT_VERSION = 1;
				DEVELOPMENT_ASSET_PATHS = "\"IntroS/Preview Content\"";
				ENABLE_PREVIEWS = YES;
				GENERATE_INFOPLIST_FILE = YES;
				INFOPLIST_KEY_UIApplicationSceneManifest_Generation = YES;
				INFOPLIST_KEY_UIApplicationSupportsIndirectInputEvents = YES;
				INFOPLIST_KEY_UILaunchScreen_Generation = YES;
				INFOPLIST_KEY_UISupportedInterfaceOrientations_iPad = "UIInterfaceOrientationPortrait UIInterfaceOrientationPortraitUpsideDown UIInterfaceOrientationLandscapeLeft UIInterfaceOrientationLandscapeRight";
				INFOPLIST_KEY_UISupportedInterfaceOrientations_iPhone = "UIInterfaceOrientationPortrait UIInterfaceOrientationLandscapeLeft UIInterfaceOrientationLandscapeRight";
				LD_RUNPATH_SEARCH_PATHS = (
					"$(inherited)",
					"@executable_path/Frameworks",
				);
				MARKETING_VERSION = 1.0;
				PRODUCT_BUNDLE_IDENTIFIER = com.ranin.IntroS;
				PRODUCT_NAME = "$(TARGET_NAME)";
				SWIFT_EMIT_LOC_STRINGS = YES;
				SWIFT_VERSION = 5.0;
				TARGETED_DEVICE_FAMILY = "1,2";
			};
			name = Release;
		};
/* End XCBuildConfiguration section */

/* Begin XCConfigurationList section */
		D9F6F9A9279C748A008587D0 /* Build configuration list for PBXProject "IntroS" */ = {
			isa = XCConfigurationList;
			buildConfigurations = (
				D9F6F9BA279C748B008587D0 /* Debug */,
				D9F6F9BB279C748B008587D0 /* Release */,
			);
			defaultConfigurationIsVisible = 0;
			defaultConfigurationName = Release;
		};
		D9F6F9BC279C748B008587D0 /* Build configuration list for PBXNativeTarget "IntroS" */ = {
			isa = XCConfigurationList;
			buildConfigurations = (
				D9F6F9BD279C748B008587D0 /* Debug */,
				D9F6F9BE279C748B008587D0 /* Release */,
			);
			defaultConfigurationIsVisible = 0;
			defaultConfigurationName = Release;
		};
/* End XCConfigurationList section */
	};
	rootObject = D9F6F9A6279C748A008587D0 /* Project object */;
}
